
Microsoft Visual Studio Solution File, Format Version 12.00
Project("{FAE04EC0-301F-11D3-BF4B-00C04F79EFBC}") = "Tests", "Tests\Tests.csproj", "{021251AA-FDAE-4156-87B7-B361CE5D7516}"
EndProject
Project("{FAE04EC0-301F-11D3-BF4B-00C04F79EFBC}") = "ViewModel", "ViewModel\ViewModel.csproj", "{2D6BC469-5F2F-40A9-9419-14B1BD434C0A}"
EndProject
Project("{FAE04EC0-301F-11D3-BF4B-00C04F79EFBC}") = "Model", "Model\Model.csproj", "{0B0C478E-D2DE-4860-B6AC-418364DB82D2}"
EndProject
Project("{FAE04EC0-301F-11D3-BF4B-00C04F79EFBC}") = "GearMaster", "GearMaster\GearMaster.csproj", "{6D7972D5-7FAC-4070-83E6-0D2E0DD9B753}"
EndProject
Project("{FAE04EC0-301F-11D3-BF4B-00C04F79EFBC}") = "AutoCadConnector", "AutoCadConnector\AutoCadConnector.csproj", "{33F36A3F-9A0C-47A1-B5B3-C313EA86489B}"
EndProject
Project("{FAE04EC0-301F-11D3-BF4B-00C04F79EFBC}") = "Logger", "Logger\Logger.csproj", "{81F939A2-F2C7-4715-AA5D-574645A4F3DB}"
EndProject
Project("{FAE04EC0-301F-11D3-BF4B-00C04F79EFBC}") = "StressTests", "StressTests\StressTests.csproj", "{58507A72-1239-49FC-8FB7-5713394E85EF}"
EndProject
Global
	GlobalSection(SolutionConfigurationPlatforms) = preSolution
		Debug|Any CPU = Debug|Any CPU
		Release|Any CPU = Release|Any CPU
	EndGlobalSection
	GlobalSection(ProjectConfigurationPlatforms) = postSolution
		{021251AA-FDAE-4156-87B7-B361CE5D7516}.Debug|Any CPU.ActiveCfg = Debug|Any CPU
		{021251AA-FDAE-4156-87B7-B361CE5D7516}.Debug|Any CPU.Build.0 = Debug|Any CPU
		{021251AA-FDAE-4156-87B7-B361CE5D7516}.Release|Any CPU.ActiveCfg = Release|Any CPU
		{021251AA-FDAE-4156-87B7-B361CE5D7516}.Release|Any CPU.Build.0 = Release|Any CPU
		{2D6BC469-5F2F-40A9-9419-14B1BD434C0A}.Debug|Any CPU.ActiveCfg = Debug|Any CPU
		{2D6BC469-5F2F-40A9-9419-14B1BD434C0A}.Debug|Any CPU.Build.0 = Debug|Any CPU
		{2D6BC469-5F2F-40A9-9419-14B1BD434C0A}.Release|Any CPU.ActiveCfg = Release|Any CPU
		{2D6BC469-5F2F-40A9-9419-14B1BD434C0A}.Release|Any CPU.Build.0 = Release|Any CPU
		{0B0C478E-D2DE-4860-B6AC-418364DB82D2}.Debug|Any CPU.ActiveCfg = Debug|Any CPU
		{0B0C478E-D2DE-4860-B6AC-418364DB82D2}.Debug|Any CPU.Build.0 = Debug|Any CPU
		{0B0C478E-D2DE-4860-B6AC-418364DB82D2}.Release|Any CPU.ActiveCfg = Release|Any CPU
		{0B0C478E-D2DE-4860-B6AC-418364DB82D2}.Release|Any CPU.Build.0 = Release|Any CPU
		{6D7972D5-7FAC-4070-83E6-0D2E0DD9B753}.Debug|Any CPU.ActiveCfg = Debug|Any CPU
		{6D7972D5-7FAC-4070-83E6-0D2E0DD9B753}.Debug|Any CPU.Build.0 = Debug|Any CPU
		{6D7972D5-7FAC-4070-83E6-0D2E0DD9B753}.Release|Any CPU.ActiveCfg = Release|Any CPU
		{6D7972D5-7FAC-4070-83E6-0D2E0DD9B753}.Release|Any CPU.Build.0 = Release|Any CPU
		{33F36A3F-9A0C-47A1-B5B3-C313EA86489B}.Debug|Any CPU.ActiveCfg = Debug|Any CPU
		{33F36A3F-9A0C-47A1-B5B3-C313EA86489B}.Debug|Any CPU.Build.0 = Debug|Any CPU
		{33F36A3F-9A0C-47A1-B5B3-C313EA86489B}.Release|Any CPU.ActiveCfg = Release|Any CPU
		{33F36A3F-9A0C-47A1-B5B3-C313EA86489B}.Release|Any CPU.Build.0 = Release|Any CPU
		{81F939A2-F2C7-4715-AA5D-574645A4F3DB}.Debug|Any CPU.ActiveCfg = Debug|Any CPU
		{81F939A2-F2C7-4715-AA5D-574645A4F3DB}.Debug|Any CPU.Build.0 = Debug|Any CPU
		{81F939A2-F2C7-4715-AA5D-574645A4F3DB}.Release|Any CPU.ActiveCfg = Release|Any CPU
		{81F939A2-F2C7-4715-AA5D-574645A4F3DB}.Release|Any CPU.Build.0 = Release|Any CPU
		{58507A72-1239-49FC-8FB7-5713394E85EF}.Debug|Any CPU.ActiveCfg = Debug|Any CPU
		{58507A72-1239-49FC-8FB7-5713394E85EF}.Debug|Any CPU.Build.0 = Debug|Any CPU
		{58507A72-1239-49FC-8FB7-5713394E85EF}.Release|Any CPU.ActiveCfg = Release|Any CPU
		{58507A72-1239-49FC-8FB7-5713394E85EF}.Release|Any CPU.Build.0 = Release|Any CPU
	EndGlobalSection
EndGlobal
