
Microsoft Visual Studio Solution File, Format Version 12.00
Project("{FAE04EC0-301F-11D3-BF4B-00C04F79EFBC}") = "View", "View\View.csproj", "{7EDFE5A3-AF4A-4B3A-862D-3F1353A3E3F6}"
EndProject
Project("{FAE04EC0-301F-11D3-BF4B-00C04F79EFBC}") = "ViewModel", "ViewModel\ViewModel.csproj", "{663E44A7-FE94-4AE5-8090-F0DB97308AD9}"
EndProject
Project("{FAE04EC0-301F-11D3-BF4B-00C04F79EFBC}") = "Model", "Model\Model.csproj", "{0D74464F-C001-4621-B210-4C6B50CEEEFB}"
EndProject
Project("{FAE04EC0-301F-11D3-BF4B-00C04F79EFBC}") = "AutoCADConnector", "AutoCADConnector\AutoCADConnector.csproj", "{D92ADECD-9BFC-463C-802C-84904D3625F0}"
EndProject
Global
	GlobalSection(SolutionConfigurationPlatforms) = preSolution
		Debug|Any CPU = Debug|Any CPU
		Release|Any CPU = Release|Any CPU
	EndGlobalSection
	GlobalSection(ProjectConfigurationPlatforms) = postSolution
		{7EDFE5A3-AF4A-4B3A-862D-3F1353A3E3F6}.Debug|Any CPU.ActiveCfg = Debug|Any CPU
		{7EDFE5A3-AF4A-4B3A-862D-3F1353A3E3F6}.Debug|Any CPU.Build.0 = Debug|Any CPU
		{7EDFE5A3-AF4A-4B3A-862D-3F1353A3E3F6}.Release|Any CPU.ActiveCfg = Release|Any CPU
		{7EDFE5A3-AF4A-4B3A-862D-3F1353A3E3F6}.Release|Any CPU.Build.0 = Release|Any CPU
		{663E44A7-FE94-4AE5-8090-F0DB97308AD9}.Debug|Any CPU.ActiveCfg = Debug|Any CPU
		{663E44A7-FE94-4AE5-8090-F0DB97308AD9}.Debug|Any CPU.Build.0 = Debug|Any CPU
		{663E44A7-FE94-4AE5-8090-F0DB97308AD9}.Release|Any CPU.ActiveCfg = Release|Any CPU
		{663E44A7-FE94-4AE5-8090-F0DB97308AD9}.Release|Any CPU.Build.0 = Release|Any CPU
		{0D74464F-C001-4621-B210-4C6B50CEEEFB}.Debug|Any CPU.ActiveCfg = Debug|Any CPU
		{0D74464F-C001-4621-B210-4C6B50CEEEFB}.Debug|Any CPU.Build.0 = Debug|Any CPU
		{0D74464F-C001-4621-B210-4C6B50CEEEFB}.Release|Any CPU.ActiveCfg = Release|Any CPU
		{0D74464F-C001-4621-B210-4C6B50CEEEFB}.Release|Any CPU.Build.0 = Release|Any CPU
		{D92ADECD-9BFC-463C-802C-84904D3625F0}.Debug|Any CPU.ActiveCfg = Debug|Any CPU
		{D92ADECD-9BFC-463C-802C-84904D3625F0}.Debug|Any CPU.Build.0 = Debug|Any CPU
		{D92ADECD-9BFC-463C-802C-84904D3625F0}.Release|Any CPU.ActiveCfg = Release|Any CPU
		{D92ADECD-9BFC-463C-802C-84904D3625F0}.Release|Any CPU.Build.0 = Release|Any CPU
	EndGlobalSection
EndGlobal
